{
  "name": "@playos/kernel",
  "version": "1.0.0",
  "lockfileVersion": 1,
  "requires": true,
  "dependencies": {
    "@types/node": {
      "version": "12.12.16",
      "resolved": "https://registry.npmjs.org/@types/node/-/node-12.12.16.tgz",
      "integrity": "sha512-vRuMyoOr5yfNf8QWxXegOjeyjpWJxFePzHzmBOIzDIzo+rSqF94RW0PkS6y4T2+VjAWLXHWrfbIJY3E3aS7lUw==",
      "dev": true
    },
    "@wasmer/wasi": {
      "version": "0.5.0",
      "resolved": "https://registry.npmjs.org/@wasmer/wasi/-/wasi-0.5.0.tgz",
      "integrity": "sha512-bKMkri9r7g9W8WdvWgIGqxgCuMKaGtXg/7pDxcy+fM2C0gZrDaIGtvv3DZ4Imco6PRwHYd86QmI/Cjdt2DTNaQ==",
      "requires": {
        "browser-process-hrtime": "^1.0.0",
        "buffer-es6": "^4.9.3",
        "path-browserify": "^1.0.0",
        "randomfill": "^1.0.4"
      }
    },
    "@wasmer/wasm-transformer": {
      "version": "0.5.0",
      "resolved": "https://registry.npmjs.org/@wasmer/wasm-transformer/-/wasm-transformer-0.5.0.tgz",
      "integrity": "sha512-QxDHtKAtT5noDm7Vylchz26cf1j9RDBZfLiKQ37o4vaOIxQfTk9fNOqborUHoHQgv8GbaX6Uzq9MJQTopGCg3w=="
    },
    "@wasmer/wasmfs": {
      "version": "0.5.0",
      "resolved": "https://registry.npmjs.org/@wasmer/wasmfs/-/wasmfs-0.5.0.tgz",
      "integrity": "sha512-pFclMYi0jXbonTeeANZnJMiT7cm6awtMeTEZiSSYjN4w3DgoWuH0BzGxDyOjcrzH1kD6/qg3k49WDh2ugidGdA==",
      "requires": {
        "memfs": "git+https://github.com/torch2424/memfs.git#wasmfs-fixes"
      },
      "dependencies": {
        "fast-extend": {
          "version": "0.0.2",
          "resolved": "https://registry.npmjs.org/fast-extend/-/fast-extend-0.0.2.tgz",
          "integrity": "sha1-9exCz0C5Rg9SGmOH37Ut7u1nHb0="
        },
        "memfs": {
          "version": "git+https://github.com/torch2424/memfs.git#50997b4374121eb30e4e571a311e3effe824ea82",
          "from": "git+https://github.com/torch2424/memfs.git#wasmfs-fixes",
          "requires": {
            "browser-assert": "^1.2.1",
            "fast-extend": "0.0.2",
            "fs-monkey": "^0.3.3"
          }
        }
      }
    },
    "aes-js": {
      "version": "3.0.0",
      "resolved": "https://registry.npmjs.org/aes-js/-/aes-js-3.0.0.tgz",
      "integrity": "sha1-4h3xCtbCBTKVvLuNq0Cwnb6ofk0="
    },
    "bindings": {
      "version": "1.5.0",
      "resolved": "https://registry.npmjs.org/bindings/-/bindings-1.5.0.tgz",
      "integrity": "sha512-p2q/t/mhvuOj/UeLlV6566GD/guowlr0hHxClI0W9m7MWYkL1F0hLo+0Aexs9HSPCtR1SXQ0TD3MMKrXZajbiQ==",
      "requires": {
        "file-uri-to-path": "1.0.0"
      }
    },
    "bn.js": {
      "version": "4.11.8",
      "resolved": "https://registry.npmjs.org/bn.js/-/bn.js-4.11.8.tgz",
      "integrity": "sha512-ItfYfPLkWHUjckQCk8xC+LwxgK8NYcXywGigJgSwOP8Y2iyWT4f2vsZnoOXTTbo+o5yXmIUJ4gn5538SO5S3gA=="
    },
    "brorand": {
      "version": "1.1.0",
      "resolved": "https://registry.npmjs.org/brorand/-/brorand-1.1.0.tgz",
      "integrity": "sha1-EsJe/kCkXjwyPrhnWgoM5XsiNx8="
    },
    "browser-assert": {
      "version": "1.2.1",
      "resolved": "https://registry.npmjs.org/browser-assert/-/browser-assert-1.2.1.tgz",
      "integrity": "sha1-mqpaKox0aFwq4Fv+Ru/WBvBowgA="
    },
    "browser-process-hrtime": {
      "version": "1.0.0",
      "resolved": "https://registry.npmjs.org/browser-process-hrtime/-/browser-process-hrtime-1.0.0.tgz",
      "integrity": "sha512-9o5UecI3GhkpM6DrXr69PblIuWxPKk9Y0jHBRhdocZ2y7YECBFCsHm79Pr3OyR2AvjhDkabFJaDJMYRazHgsow=="
    },
    "buffer-es6": {
      "version": "4.9.3",
      "resolved": "https://registry.npmjs.org/buffer-es6/-/buffer-es6-4.9.3.tgz",
      "integrity": "sha1-8mNHuC33b9N+GLy1KIxJcM/VxAQ="
    },
    "elliptic": {
      "version": "6.5.2",
      "resolved": "https://registry.npmjs.org/elliptic/-/elliptic-6.5.2.tgz",
      "integrity": "sha512-f4x70okzZbIQl/NSRLkI/+tteV/9WqL98zx+SQ69KbXxmVrmjwsNUPn/gYJJ0sHvEak24cZgHIPegRePAtA/xw==",
      "requires": {
        "bn.js": "^4.4.0",
        "brorand": "^1.0.1",
        "hash.js": "^1.0.0",
        "hmac-drbg": "^1.0.0",
        "inherits": "^2.0.1",
        "minimalistic-assert": "^1.0.0",
        "minimalistic-crypto-utils": "^1.0.0"
      }
    },
    "ethers": {
      "version": "4.0.40",
      "resolved": "https://registry.npmjs.org/ethers/-/ethers-4.0.40.tgz",
      "integrity": "sha512-MC9BtV7Hpq4dgFONEfanx9aU9GhhoWU270F+/wegHZXA7FR+2KXFdt36YIQYLmVY5ykUWswDxd+f9EVkIa7JOA==",
      "requires": {
        "aes-js": "3.0.0",
        "bn.js": "^4.4.0",
        "elliptic": "6.5.2",
        "hash.js": "1.1.3",
        "js-sha3": "0.5.7",
        "scrypt-js": "2.0.4",
        "setimmediate": "1.0.4",
        "uuid": "2.0.1",
        "xmlhttprequest": "1.8.0"
      }
    },
    "fast-extend": {
      "version": "1.0.2",
      "resolved": "https://registry.npmjs.org/fast-extend/-/fast-extend-1.0.2.tgz",
      "integrity": "sha512-XXA9RmlPatkFKUzqVZAFth18R4Wo+Xug/S+C7YlYA3xrXwfPlW3dqNwOb4hvQo7wZJ2cNDYhrYuPzVOfHy5/uQ=="
    },
    "file-uri-to-path": {
      "version": "1.0.0",
      "resolved": "https://registry.npmjs.org/file-uri-to-path/-/file-uri-to-path-1.0.0.tgz",
      "integrity": "sha512-0Zt+s3L7Vf1biwWZ29aARiVYLx7iMGnEUl9x33fbB/j3jR81u/O2LbqK+Bm1CDSNDKVtJ/YjwY7TUd5SkeLQLw=="
    },
    "fs-monkey": {
      "version": "0.3.3",
      "resolved": "https://registry.npmjs.org/fs-monkey/-/fs-monkey-0.3.3.tgz",
      "integrity": "sha512-FNUvuTAJ3CqCQb5ELn+qCbGR/Zllhf2HtwsdAtBi59s1WeCjKMT81fHcSu7dwIskqGVK+MmOrb7VOBlq3/SItw=="
    },
    "hash.js": {
      "version": "1.1.3",
      "resolved": "https://registry.npmjs.org/hash.js/-/hash.js-1.1.3.tgz",
      "integrity": "sha512-/UETyP0W22QILqS+6HowevwhEFJ3MBJnwTf75Qob9Wz9t0DPuisL8kW8YZMK62dHAKE1c1p+gY1TtOLY+USEHA==",
      "requires": {
        "inherits": "^2.0.3",
        "minimalistic-assert": "^1.0.0"
      }
    },
    "hmac-drbg": {
      "version": "1.0.1",
      "resolved": "https://registry.npmjs.org/hmac-drbg/-/hmac-drbg-1.0.1.tgz",
      "integrity": "sha1-0nRXAQJabHdabFRXk+1QL8DGSaE=",
      "requires": {
        "hash.js": "^1.0.3",
        "minimalistic-assert": "^1.0.0",
        "minimalistic-crypto-utils": "^1.0.1"
      }
    },
    "inherits": {
      "version": "2.0.4",
      "resolved": "https://registry.npmjs.org/inherits/-/inherits-2.0.4.tgz",
      "integrity": "sha512-k/vGaX4/Yla3WzyMCvTQOXYeIHvqOKtnqBduzTHpzpQZzAskKMhZ2K+EnBiSM9zGSoIFeMpXKxa4dYeZIQqewQ=="
    },
    "js-sha3": {
      "version": "0.5.7",
      "resolved": "https://registry.npmjs.org/js-sha3/-/js-sha3-0.5.7.tgz",
      "integrity": "sha1-DU/9gALVMzqrr0oj7tL2N0yfKOc="
    },
    "keccak": {
      "version": "2.1.0",
      "resolved": "https://registry.npmjs.org/keccak/-/keccak-2.1.0.tgz",
      "integrity": "sha512-m1wbJRTo+gWbctZWay9i26v5fFnYkOn7D5PCxJ3fZUGUEb49dE1Pm4BREUYCt/aoO6di7jeoGmhvqN9Nzylm3Q==",
      "requires": {
        "bindings": "^1.5.0",
        "inherits": "^2.0.4",
        "nan": "^2.14.0",
        "safe-buffer": "^5.2.0"
      }
    },
    "memfs": {
      "version": "3.0.1",
      "resolved": "https://registry.npmjs.org/memfs/-/memfs-3.0.1.tgz",
      "integrity": "sha512-v8MPoino1vfmwl2LDbFAg5tgPd7EPvKLvcSkx/CDJGB3JCGyHZSasRtC63wmM+iHFXh4cooYCu+cWCd1dqh2+A==",
      "requires": {
        "fast-extend": "1.0.2",
        "fs-monkey": "0.3.3"
      }
    },
    "minimalistic-assert": {
      "version": "1.0.1",
      "resolved": "https://registry.npmjs.org/minimalistic-assert/-/minimalistic-assert-1.0.1.tgz",
      "integrity": "sha512-UtJcAD4yEaGtjPezWuO9wC4nwUnVH/8/Im3yEHQP4b67cXlD/Qr9hdITCU1xDbSEXg2XKNaP8jsReV7vQd00/A=="
    },
    "minimalistic-crypto-utils": {
      "version": "1.0.1",
      "resolved": "https://registry.npmjs.org/minimalistic-crypto-utils/-/minimalistic-crypto-utils-1.0.1.tgz",
      "integrity": "sha1-9sAMHAsIIkblxNmd+4x8CDsrWCo="
    },
    "nan": {
      "version": "2.14.0",
      "resolved": "https://registry.npmjs.org/nan/-/nan-2.14.0.tgz",
      "integrity": "sha512-INOFj37C7k3AfaNTtX8RhsTw7qRy7eLET14cROi9+5HAVbbHuIWUHEauBv5qT4Av2tWasiTY1Jw6puUNqRJXQg=="
    },
    "path-browserify": {
      "version": "1.0.0",
      "resolved": "https://registry.npmjs.org/path-browserify/-/path-browserify-1.0.0.tgz",
      "integrity": "sha512-Hkavx/nY4/plImrZPHRk2CL9vpOymZLgEbMNX1U0bjcBL7QN9wODxyx0yaMZURSQaUtSEvDrfAvxa9oPb0at9g=="
    },
    "randombytes": {
      "version": "2.1.0",
      "resolved": "https://registry.npmjs.org/randombytes/-/randombytes-2.1.0.tgz",
      "integrity": "sha512-vYl3iOX+4CKUWuxGi9Ukhie6fsqXqS9FE2Zaic4tNFD2N2QQaXOMFbuKK4QmDHC0JO6B1Zp41J0LpT0oR68amQ==",
      "requires": {
        "safe-buffer": "^5.1.0"
      }
    },
    "randomfill": {
      "version": "1.0.4",
      "resolved": "https://registry.npmjs.org/randomfill/-/randomfill-1.0.4.tgz",
      "integrity": "sha512-87lcbR8+MhcWcUiQ+9e+Rwx8MyR2P7qnt15ynUlbm3TU/fjbgz4GsvfSUDTemtCCtVCqb4ZcEFlyPNTh9bBTLw==",
      "requires": {
        "randombytes": "^2.0.5",
        "safe-buffer": "^5.1.0"
      }
    },
    "safe-buffer": {
      "version": "5.2.0",
      "resolved": "https://registry.npmjs.org/safe-buffer/-/safe-buffer-5.2.0.tgz",
      "integrity": "sha512-fZEwUGbVl7kouZs1jCdMLdt95hdIv0ZeHg6L7qPeciMZhZ+/gdesW4wgTARkrFWEpspjEATAzUGPG8N2jJiwbg=="
    },
    "scrypt-js": {
      "version": "2.0.4",
      "resolved": "https://registry.npmjs.org/scrypt-js/-/scrypt-js-2.0.4.tgz",
      "integrity": "sha512-4KsaGcPnuhtCZQCxFxN3GVYIhKFPTdLd8PLC552XwbMndtD0cjRFAhDuuydXQ0h08ZfPgzqe6EKHozpuH74iDw=="
    },
    "setimmediate": {
      "version": "1.0.4",
      "resolved": "https://registry.npmjs.org/setimmediate/-/setimmediate-1.0.4.tgz",
      "integrity": "sha1-IOgd5iLUoCWIzgyNqJc8vPHTE48="
    },
    "uuid": {
      "version": "2.0.1",
      "resolved": "https://registry.npmjs.org/uuid/-/uuid-2.0.1.tgz",
      "integrity": "sha1-wqMN7bPlNdcsz4LjQ5QaULqFM6w="
    },
    "xmlhttprequest": {
      "version": "1.8.0",
      "resolved": "https://registry.npmjs.org/xmlhttprequest/-/xmlhttprequest-1.8.0.tgz",
      "integrity": "sha1-Z/4HXFwk/vOfnWX197f+dRcZaPw="
    }
  }
}
