{
  "name": "@playos/kernel",
  "version": "1.0.0",
  "lockfileVersion": 1,
  "requires": true,
  "dependencies": {
    "@wasmer/wasi": {
      "version": "0.5.0",
      "resolved": "https://registry.npmjs.org/@wasmer/wasi/-/wasi-0.5.0.tgz",
      "integrity": "sha512-bKMkri9r7g9W8WdvWgIGqxgCuMKaGtXg/7pDxcy+fM2C0gZrDaIGtvv3DZ4Imco6PRwHYd86QmI/Cjdt2DTNaQ==",
      "requires": {
        "browser-process-hrtime": "^1.0.0",
        "buffer-es6": "^4.9.3",
        "path-browserify": "^1.0.0",
        "randomfill": "^1.0.4"
      }
    },
    "@wasmer/wasm-transformer": {
      "version": "0.5.0",
      "resolved": "https://registry.npmjs.org/@wasmer/wasm-transformer/-/wasm-transformer-0.5.0.tgz",
      "integrity": "sha512-QxDHtKAtT5noDm7Vylchz26cf1j9RDBZfLiKQ37o4vaOIxQfTk9fNOqborUHoHQgv8GbaX6Uzq9MJQTopGCg3w=="
    },
    "@wasmer/wasmfs": {
      "version": "0.5.0",
      "resolved": "https://registry.npmjs.org/@wasmer/wasmfs/-/wasmfs-0.5.0.tgz",
      "integrity": "sha512-pFclMYi0jXbonTeeANZnJMiT7cm6awtMeTEZiSSYjN4w3DgoWuH0BzGxDyOjcrzH1kD6/qg3k49WDh2ugidGdA==",
      "requires": {
        "memfs": "git+https://github.com/torch2424/memfs.git#wasmfs-fixes"
      },
      "dependencies": {
        "fast-extend": {
          "version": "0.0.2",
          "resolved": "https://registry.npmjs.org/fast-extend/-/fast-extend-0.0.2.tgz",
          "integrity": "sha1-9exCz0C5Rg9SGmOH37Ut7u1nHb0="
        },
        "memfs": {
          "version": "git+https://github.com/torch2424/memfs.git#50997b4374121eb30e4e571a311e3effe824ea82",
          "from": "git+https://github.com/torch2424/memfs.git#wasmfs-fixes",
          "requires": {
            "browser-assert": "^1.2.1",
            "fast-extend": "0.0.2",
            "fs-monkey": "^0.3.3"
          }
        }
      }
    },
    "browser-assert": {
      "version": "1.2.1",
      "resolved": "https://registry.npmjs.org/browser-assert/-/browser-assert-1.2.1.tgz",
      "integrity": "sha1-mqpaKox0aFwq4Fv+Ru/WBvBowgA="
    },
    "browser-process-hrtime": {
      "version": "1.0.0",
      "resolved": "https://registry.npmjs.org/browser-process-hrtime/-/browser-process-hrtime-1.0.0.tgz",
      "integrity": "sha512-9o5UecI3GhkpM6DrXr69PblIuWxPKk9Y0jHBRhdocZ2y7YECBFCsHm79Pr3OyR2AvjhDkabFJaDJMYRazHgsow=="
    },
    "buffer-es6": {
      "version": "4.9.3",
      "resolved": "https://registry.npmjs.org/buffer-es6/-/buffer-es6-4.9.3.tgz",
      "integrity": "sha1-8mNHuC33b9N+GLy1KIxJcM/VxAQ="
    },
    "fast-extend": {
      "version": "1.0.2",
      "resolved": "https://registry.npmjs.org/fast-extend/-/fast-extend-1.0.2.tgz",
      "integrity": "sha512-XXA9RmlPatkFKUzqVZAFth18R4Wo+Xug/S+C7YlYA3xrXwfPlW3dqNwOb4hvQo7wZJ2cNDYhrYuPzVOfHy5/uQ=="
    },
    "fs-monkey": {
      "version": "0.3.3",
      "resolved": "https://registry.npmjs.org/fs-monkey/-/fs-monkey-0.3.3.tgz",
      "integrity": "sha512-FNUvuTAJ3CqCQb5ELn+qCbGR/Zllhf2HtwsdAtBi59s1WeCjKMT81fHcSu7dwIskqGVK+MmOrb7VOBlq3/SItw=="
    },
    "memfs": {
      "version": "3.0.1",
      "resolved": "https://registry.npmjs.org/memfs/-/memfs-3.0.1.tgz",
      "integrity": "sha512-v8MPoino1vfmwl2LDbFAg5tgPd7EPvKLvcSkx/CDJGB3JCGyHZSasRtC63wmM+iHFXh4cooYCu+cWCd1dqh2+A==",
      "requires": {
        "fast-extend": "1.0.2",
        "fs-monkey": "0.3.3"
      }
    },
    "path-browserify": {
      "version": "1.0.0",
      "resolved": "https://registry.npmjs.org/path-browserify/-/path-browserify-1.0.0.tgz",
      "integrity": "sha512-Hkavx/nY4/plImrZPHRk2CL9vpOymZLgEbMNX1U0bjcBL7QN9wODxyx0yaMZURSQaUtSEvDrfAvxa9oPb0at9g=="
    },
    "randombytes": {
      "version": "2.1.0",
      "resolved": "https://registry.npmjs.org/randombytes/-/randombytes-2.1.0.tgz",
      "integrity": "sha512-vYl3iOX+4CKUWuxGi9Ukhie6fsqXqS9FE2Zaic4tNFD2N2QQaXOMFbuKK4QmDHC0JO6B1Zp41J0LpT0oR68amQ==",
      "requires": {
        "safe-buffer": "^5.1.0"
      }
    },
    "randomfill": {
      "version": "1.0.4",
      "resolved": "https://registry.npmjs.org/randomfill/-/randomfill-1.0.4.tgz",
      "integrity": "sha512-87lcbR8+MhcWcUiQ+9e+Rwx8MyR2P7qnt15ynUlbm3TU/fjbgz4GsvfSUDTemtCCtVCqb4ZcEFlyPNTh9bBTLw==",
      "requires": {
        "randombytes": "^2.0.5",
        "safe-buffer": "^5.1.0"
      }
    },
    "safe-buffer": {
      "version": "5.2.0",
      "resolved": "https://registry.npmjs.org/safe-buffer/-/safe-buffer-5.2.0.tgz",
      "integrity": "sha512-fZEwUGbVl7kouZs1jCdMLdt95hdIv0ZeHg6L7qPeciMZhZ+/gdesW4wgTARkrFWEpspjEATAzUGPG8N2jJiwbg=="
    }
  }
}
